
Microsoft Visual Studio Solution File, Format Version 12.00
# Visual Studio 15
VisualStudioVersion = 15.0.28307.271
MinimumVisualStudioVersion = 10.0.40219.1
Project("{9A19103F-16F7-4668-BE54-9A1E7A4F7556}") = "hht.API", "hht.API.csproj", "{1544CB39-9DA8-4315-8280-16C808A4AFBE}"
EndProject
Global
	GlobalSection(SolutionConfigurationPlatforms) = preSolution
		Debug|Any CPU = Debug|Any CPU
		Release|Any CPU = Release|Any CPU
	EndGlobalSection
	GlobalSection(ProjectConfigurationPlatforms) = postSolution
		{1544CB39-9DA8-4315-8280-16C808A4AFBE}.Debug|Any CPU.ActiveCfg = Debug|Any CPU
		{1544CB39-9DA8-4315-8280-16C808A4AFBE}.Debug|Any CPU.Build.0 = Debug|Any CPU
		{1544CB39-9DA8-4315-8280-16C808A4AFBE}.Release|Any CPU.ActiveCfg = Release|Any CPU
		{1544CB39-9DA8-4315-8280-16C808A4AFBE}.Release|Any CPU.Build.0 = Release|Any CPU
	EndGlobalSection
	GlobalSection(SolutionProperties) = preSolution
		HideSolutionNode = FALSE
	EndGlobalSection
	GlobalSection(ExtensibilityGlobals) = postSolution
		SolutionGuid = {2480C5A2-6CFF-4856-B6E3-D3CAD5685809}
	EndGlobalSection
EndGlobal
